
Microsoft Visual Studio Solution File, Format Version 12.00
# Visual Studio Version 17
VisualStudioVersion = 17.3.32901.215
MinimumVisualStudioVersion = 10.0.40219.1
Project("{8BC9CEB8-8B4A-11D0-8D11-00A0C91BC942}") = "Aryan8lab", "Aryan8lab\Aryan8lab.vcxproj", "{F95CBAD9-206A-4D8B-B77E-A7312B81622D}"
EndProject
Global
	GlobalSection(SolutionConfigurationPlatforms) = preSolution
		Debug|x64 = Debug|x64
		Debug|x86 = Debug|x86
		Release|x64 = Release|x64
		Release|x86 = Release|x86
	EndGlobalSection
	GlobalSection(ProjectConfigurationPlatforms) = postSolution
		{F95CBAD9-206A-4D8B-B77E-A7312B81622D}.Debug|x64.ActiveCfg = Debug|x64
		{F95CBAD9-206A-4D8B-B77E-A7312B81622D}.Debug|x64.Build.0 = Debug|x64
		{F95CBAD9-206A-4D8B-B77E-A7312B81622D}.Debug|x86.ActiveCfg = Debug|Win32
		{F95CBAD9-206A-4D8B-B77E-A7312B81622D}.Debug|x86.Build.0 = Debug|Win32
		{F95CBAD9-206A-4D8B-B77E-A7312B81622D}.Release|x64.ActiveCfg = Release|x64
		{F95CBAD9-206A-4D8B-B77E-A7312B81622D}.Release|x64.Build.0 = Release|x64
		{F95CBAD9-206A-4D8B-B77E-A7312B81622D}.Release|x86.ActiveCfg = Release|Win32
		{F95CBAD9-206A-4D8B-B77E-A7312B81622D}.Release|x86.Build.0 = Release|Win32
	EndGlobalSection
	GlobalSection(SolutionProperties) = preSolution
		HideSolutionNode = FALSE
	EndGlobalSection
	GlobalSection(ExtensibilityGlobals) = postSolution
		SolutionGuid = {02443CF6-56A6-4354-A2EE-25DA4F49A316}
	EndGlobalSection
EndGlobal
